
Microsoft Visual Studio Solution File, Format Version 12.00
# Visual Studio Version 17
VisualStudioVersion = 17.2.32516.85
MinimumVisualStudioVersion = 10.0.40219.1
Project("{FAE04EC0-301F-11D3-BF4B-00C04F79EFBC}") = "PhoneShop", "PhoneShop.csproj", "{9FFDAB7C-D087-4E39-8A8E-1FECE178E646}"
EndProject
Global
	GlobalSection(SolutionConfigurationPlatforms) = preSolution
		Debug|Any CPU = Debug|Any CPU
		Release|Any CPU = Release|Any CPU
	EndGlobalSection
	GlobalSection(ProjectConfigurationPlatforms) = postSolution
		{9FFDAB7C-D087-4E39-8A8E-1FECE178E646}.Debug|Any CPU.ActiveCfg = Debug|Any CPU
		{9FFDAB7C-D087-4E39-8A8E-1FECE178E646}.Debug|Any CPU.Build.0 = Debug|Any CPU
		{9FFDAB7C-D087-4E39-8A8E-1FECE178E646}.Release|Any CPU.ActiveCfg = Release|Any CPU
		{9FFDAB7C-D087-4E39-8A8E-1FECE178E646}.Release|Any CPU.Build.0 = Release|Any CPU
	EndGlobalSection
	GlobalSection(SolutionProperties) = preSolution
		HideSolutionNode = FALSE
	EndGlobalSection
	GlobalSection(ExtensibilityGlobals) = postSolution
		SolutionGuid = {8E999CEC-AE71-4D2F-AB56-0FFC9703CAE5}
	EndGlobalSection
EndGlobal
